
Microsoft Visual Studio Solution File, Format Version 12.00
# Visual Studio Version 17
VisualStudioVersion = 17.10.34928.147
MinimumVisualStudioVersion = 10.0.40219.1
Project("{2150E333-8FDC-42A3-9474-1A3956D46DE8}") = "src", "src", "{0C63C1E4-D516-437E-8D80-26FA210C6E2E}"
EndProject
Project("{2150E333-8FDC-42A3-9474-1A3956D46DE8}") = "Core", "Core", "{E0FFCDDE-7E7B-4084-B2EA-9068978A639B}"
EndProject
Project("{FAE04EC0-301F-11D3-BF4B-00C04F79EFBC}") = "Domain", "src\Core\Domain\Domain.csproj", "{82C36AC8-5937-4167-AC76-548F982903FC}"
EndProject
Global
	GlobalSection(SolutionConfigurationPlatforms) = preSolution
		Debug|Any CPU = Debug|Any CPU
		Release|Any CPU = Release|Any CPU
	EndGlobalSection
	GlobalSection(ProjectConfigurationPlatforms) = postSolution
		{82C36AC8-5937-4167-AC76-548F982903FC}.Debug|Any CPU.ActiveCfg = Debug|Any CPU
		{82C36AC8-5937-4167-AC76-548F982903FC}.Debug|Any CPU.Build.0 = Debug|Any CPU
		{82C36AC8-5937-4167-AC76-548F982903FC}.Release|Any CPU.ActiveCfg = Release|Any CPU
		{82C36AC8-5937-4167-AC76-548F982903FC}.Release|Any CPU.Build.0 = Release|Any CPU
	EndGlobalSection
	GlobalSection(SolutionProperties) = preSolution
		HideSolutionNode = FALSE
	EndGlobalSection
	GlobalSection(NestedProjects) = preSolution
		{E0FFCDDE-7E7B-4084-B2EA-9068978A639B} = {0C63C1E4-D516-437E-8D80-26FA210C6E2E}
		{82C36AC8-5937-4167-AC76-548F982903FC} = {E0FFCDDE-7E7B-4084-B2EA-9068978A639B}
	EndGlobalSection
	GlobalSection(ExtensibilityGlobals) = postSolution
		SolutionGuid = {1ED614FD-61D5-4C19-AA22-B377CB52867F}
	EndGlobalSection
EndGlobal
